{
  "version": 4,
  "terraform_version": "0.12.24",
  "serial": 30,
  "lineage": "ac6c308e-d751-3747-49c5-ec3e5d07b141",
  "outputs": {},
  "resources": [
    {
      "mode": "managed",
      "type": "aws_iam_role",
      "name": "firehose_role",
      "provider": "provider.aws",
      "instances": [
        {
          "schema_version": 0,
          "attributes": {
            "arn": "arn:aws:iam::224168903812:role/firehose_test_role",
            "assume_role_policy": "{\"Version\":\"2012-10-17\",\"Statement\":[{\"Sid\":\"\",\"Effect\":\"Allow\",\"Principal\":{\"Service\":\"firehose.amazonaws.com\"},\"Action\":\"sts:AssumeRole\"}]}",
            "create_date": "2020-04-10T12:14:06Z",
            "description": "",
            "force_detach_policies": false,
            "id": "firehose_test_role",
            "max_session_duration": 3600,
            "name": "firehose_test_role",
            "name_prefix": null,
            "path": "/",
            "permissions_boundary": null,
            "tags": {},
            "unique_id": "AROATIMMCASCO35NBLVHZ"
          },
          "private": "bnVsbA=="
        }
      ]
    },
    {
      "mode": "managed",
      "type": "aws_iam_role_policy_attachment",
      "name": "s3-full-access-policy-attachment",
      "provider": "provider.aws",
      "instances": [
        {
          "schema_version": 0,
          "attributes": {
            "id": "firehose_test_role-20200410121404616700000001",
            "policy_arn": "arn:aws:iam::aws:policy/AmazonS3FullAccess",
            "role": "firehose_test_role"
          },
          "private": "bnVsbA==",
          "dependencies": [
            "aws_iam_role.firehose_role"
          ]
        }
      ]
    },
    {
      "mode": "managed",
      "type": "aws_kinesis_firehose_delivery_stream",
      "name": "firehose_streams_to_s3",
      "each": "map",
      "provider": "provider.aws",
      "instances": [
        {
          "index_key": "car-firehose-stream",
          "schema_version": 1,
          "attributes": {
            "arn": "arn:aws:firehose:eu-west-2:224168903812:deliverystream/car-firehose-stream",
            "destination": "extended_s3",
            "destination_id": "destinationId-000000000001",
            "elasticsearch_configuration": [],
            "extended_s3_configuration": [
              {
                "bucket_arn": "arn:aws:s3:::firehose-delivery-stream-destination",
                "buffer_interval": 60,
                "buffer_size": 128,
                "cloudwatch_logging_options": [
                  {
                    "enabled": false,
                    "log_group_name": "",
                    "log_stream_name": ""
                  }
                ],
                "compression_format": "UNCOMPRESSED",
                "data_format_conversion_configuration": [],
                "error_output_prefix": "",
                "kms_key_arn": "",
                "prefix": "cables/",
                "processing_configuration": [
                  {
                    "enabled": false,
                    "processors": []
                  }
                ],
                "role_arn": "arn:aws:iam::224168903812:role/firehose_test_role",
                "s3_backup_configuration": [],
                "s3_backup_mode": "Disabled"
              }
            ],
            "id": "arn:aws:firehose:eu-west-2:224168903812:deliverystream/car-firehose-stream",
            "kinesis_source_configuration": [],
            "name": "car-firehose-stream",
            "redshift_configuration": [],
            "s3_configuration": [],
            "server_side_encryption": [
              {
                "enabled": true
              }
            ],
            "splunk_configuration": [],
            "tags": null,
            "version_id": "1"
          },
          "private": "eyJzY2hlbWFfdmVyc2lvbiI6IjEifQ==",
          "dependencies": [
            "aws_iam_role.firehose_role",
            "aws_s3_bucket.bucket"
          ]
        },
        {
          "index_key": "user-firehose-stream",
          "schema_version": 1,
          "attributes": {
            "arn": "arn:aws:firehose:eu-west-2:224168903812:deliverystream/user-firehose-stream",
            "destination": "extended_s3",
            "destination_id": "destinationId-000000000001",
            "elasticsearch_configuration": [],
            "extended_s3_configuration": [
              {
                "bucket_arn": "arn:aws:s3:::firehose-delivery-stream-destination",
                "buffer_interval": 60,
                "buffer_size": 128,
                "cloudwatch_logging_options": [
                  {
                    "enabled": false,
                    "log_group_name": "",
                    "log_stream_name": ""
                  }
                ],
                "compression_format": "UNCOMPRESSED",
                "data_format_conversion_configuration": [],
                "error_output_prefix": "",
                "kms_key_arn": "",
                "prefix": "users/",
                "processing_configuration": [
                  {
                    "enabled": false,
                    "processors": []
                  }
                ],
                "role_arn": "arn:aws:iam::224168903812:role/firehose_test_role",
                "s3_backup_configuration": [],
                "s3_backup_mode": "Disabled"
              }
            ],
            "id": "arn:aws:firehose:eu-west-2:224168903812:deliverystream/user-firehose-stream",
            "kinesis_source_configuration": [],
            "name": "user-firehose-stream",
            "redshift_configuration": [],
            "s3_configuration": [],
            "server_side_encryption": [
              {
                "enabled": true
              }
            ],
            "splunk_configuration": [],
            "tags": {},
            "version_id": "3"
          },
          "private": "eyJzY2hlbWFfdmVyc2lvbiI6IjEifQ==",
          "dependencies": [
            "aws_iam_role.firehose_role",
            "aws_s3_bucket.bucket"
          ]
        }
      ]
    },
    {
      "mode": "managed",
      "type": "aws_s3_bucket",
      "name": "bucket",
      "provider": "provider.aws",
      "instances": [
        {
          "schema_version": 0,
          "attributes": {
            "acceleration_status": "",
            "acl": "private",
            "arn": "arn:aws:s3:::firehose-delivery-stream-destination",
            "bucket": "firehose-delivery-stream-destination",
            "bucket_domain_name": "firehose-delivery-stream-destination.s3.amazonaws.com",
            "bucket_prefix": null,
            "bucket_regional_domain_name": "firehose-delivery-stream-destination.s3.eu-west-2.amazonaws.com",
            "cors_rule": [],
            "force_destroy": false,
            "grant": [],
            "hosted_zone_id": "Z3GKZC51ZF0DB4",
            "id": "firehose-delivery-stream-destination",
            "lifecycle_rule": [],
            "logging": [],
            "object_lock_configuration": [],
            "policy": null,
            "region": "eu-west-2",
            "replication_configuration": [],
            "request_payer": "BucketOwner",
            "server_side_encryption_configuration": [],
            "tags": {},
            "versioning": [
              {
                "enabled": false,
                "mfa_delete": false
              }
            ],
            "website": [],
            "website_domain": null,
            "website_endpoint": null
          },
          "private": "bnVsbA=="
        }
      ]
    }
  ]
}
