{
  "version": 4,
  "terraform_version": "0.12.24",
  "serial": 17,
  "lineage": "ac6c308e-d751-3747-49c5-ec3e5d07b141",
  "outputs": {},
  "resources": [
    {
      "mode": "managed",
      "type": "aws_kinesis_firehose_delivery_stream",
      "name": "firehose_streams_to_s3",
      "each": "map",
      "provider": "provider.aws",
      "instances": []
    },
    {
      "mode": "managed",
      "type": "aws_s3_bucket",
      "name": "bucket",
      "provider": "provider.aws",
      "instances": [
        {
          "schema_version": 0,
          "attributes": {
            "acceleration_status": "",
            "acl": "private",
            "arn": "arn:aws:s3:::firehose-delivery-stream-destination",
            "bucket": "firehose-delivery-stream-destination",
            "bucket_domain_name": "firehose-delivery-stream-destination.s3.amazonaws.com",
            "bucket_prefix": null,
            "bucket_regional_domain_name": "firehose-delivery-stream-destination.s3.eu-west-2.amazonaws.com",
            "cors_rule": [],
            "force_destroy": false,
            "grant": [],
            "hosted_zone_id": "Z3GKZC51ZF0DB4",
            "id": "firehose-delivery-stream-destination",
            "lifecycle_rule": [],
            "logging": [],
            "object_lock_configuration": [],
            "policy": null,
            "region": "eu-west-2",
            "replication_configuration": [],
            "request_payer": "BucketOwner",
            "server_side_encryption_configuration": [],
            "tags": {},
            "versioning": [
              {
                "enabled": false,
                "mfa_delete": false
              }
            ],
            "website": [],
            "website_domain": null,
            "website_endpoint": null
          },
          "private": "bnVsbA=="
        }
      ]
    }
  ]
}
